{
  "pins" : [
    {
      "identity" : "onnxruntime-libs",
      "kind" : "remoteSourceControl",
      "location" : "https://github.com/csukuangfj/onnxruntime-libs",
      "state" : {
        "branch" : "release-v1.27.1",
        "revision" : "10018160595b20671a1842e3d4c66602f4f16a8a"
      }
    }
  ],
  "version" : 2
}
